// !$*UTF8*$!
{
	archiveVersion = 1;
	classes = {
	};
	objectVersion = 50;
	objects = {

/* Begin PBXBuildFile section */
		2ED97CB025B0490200863FCF /* AppDelegate.swift in Sources */ = {isa = PBXBuildFile; fileRef = 2ED97CAF25B0490200863FCF /* AppDelegate.swift */; };
		2ED97CB225B0490200863FCF /* SceneDelegate.swift in Sources */ = {isa = PBXBuildFile; fileRef = 2ED97CB125B0490200863FCF /* SceneDelegate.swift */; };
		2ED97CB425B0490200863FCF /* ViewController.swift in Sources */ = {isa = PBXBuildFile; fileRef = 2ED97CB325B0490200863FCF /* ViewController.swift */; };
		2ED97CB725B0490200863FCF /* Main.storyboard in Resources */ = {isa = PBXBuildFile; fileRef = 2ED97CB525B0490200863FCF /* Main.storyboard */; };
		2ED97CB925B0490600863FCF /* Assets.xcassets in Resources */ = {isa = PBXBuildFile; fileRef = 2ED97CB825B0490600863FCF /* Assets.xcassets */; };
		2ED97CBC25B0490600863FCF /* LaunchScreen.storyboard in Resources */ = {isa = PBXBuildFile; fileRef = 2ED97CBA25B0490600863FCF /* LaunchScreen.storyboard */; };
		2ED97CC725B0490700863FCF /* hello_localizationTests.swift in Sources */ = {isa = PBXBuildFile; fileRef = 2ED97CC625B0490700863FCF /* hello_localizationTests.swift */; };
		2ED97CD225B0490700863FCF /* hello_localizationUITests.swift in Sources */ = {isa = PBXBuildFile; fileRef = 2ED97CD125B0490700863FCF /* hello_localizationUITests.swift */; };
		2ED97D5025B16CA800863FCF /* ViewPresenter.swift in Sources */ = {isa = PBXBuildFile; fileRef = 2ED97D4F25B16CA800863FCF /* ViewPresenter.swift */; };
/* End PBXBuildFile section */

/* Begin PBXContainerItemProxy section */
		2ED97CC325B0490700863FCF /* PBXContainerItemProxy */ = {
			isa = PBXContainerItemProxy;
			containerPortal = 2ED97CA425B0490100863FCF /* Project object */;
			proxyType = 1;
			remoteGlobalIDString = 2ED97CAB25B0490200863FCF;
			remoteInfo = "hello-localization";
		};
		2ED97CCE25B0490700863FCF /* PBXContainerItemProxy */ = {
			isa = PBXContainerItemProxy;
			containerPortal = 2ED97CA425B0490100863FCF /* Project object */;
			proxyType = 1;
			remoteGlobalIDString = 2ED97CAB25B0490200863FCF;
			remoteInfo = "hello-localization";
		};
/* End PBXContainerItemProxy section */

/* Begin PBXFileReference section */
		2ED97CAC25B0490200863FCF /* hello-localization.app */ = {isa = PBXFileReference; explicitFileType = wrapper.application; includeInIndex = 0; path = "hello-localization.app"; sourceTree = BUILT_PRODUCTS_DIR; };
		2ED97CAF25B0490200863FCF /* AppDelegate.swift */ = {isa = PBXFileReference; lastKnownFileType = sourcecode.swift; path = AppDelegate.swift; sourceTree = "<group>"; };
		2ED97CB125B0490200863FCF /* SceneDelegate.swift */ = {isa = PBXFileReference; lastKnownFileType = sourcecode.swift; path = SceneDelegate.swift; sourceTree = "<group>"; };
		2ED97CB325B0490200863FCF /* ViewController.swift */ = {isa = PBXFileReference; lastKnownFileType = sourcecode.swift; path = ViewController.swift; sourceTree = "<group>"; };
		2ED97CB625B0490200863FCF /* Base */ = {isa = PBXFileReference; lastKnownFileType = file.storyboard; name = Base; path = Base.lproj/Main.storyboard; sourceTree = "<group>"; };
		2ED97CB825B0490600863FCF /* Assets.xcassets */ = {isa = PBXFileReference; lastKnownFileType = folder.assetcatalog; path = Assets.xcassets; sourceTree = "<group>"; };
		2ED97CBB25B0490600863FCF /* Base */ = {isa = PBXFileReference; lastKnownFileType = file.storyboard; name = Base; path = Base.lproj/LaunchScreen.storyboard; sourceTree = "<group>"; };
		2ED97CBD25B0490600863FCF /* Info.plist */ = {isa = PBXFileReference; lastKnownFileType = text.plist.xml; path = Info.plist; sourceTree = "<group>"; };
		2ED97CC225B0490700863FCF /* hello-localizationTests.xctest */ = {isa = PBXFileReference; explicitFileType = wrapper.cfbundle; includeInIndex = 0; path = "hello-localizationTests.xctest"; sourceTree = BUILT_PRODUCTS_DIR; };
		2ED97CC625B0490700863FCF /* hello_localizationTests.swift */ = {isa = PBXFileReference; lastKnownFileType = sourcecode.swift; path = hello_localizationTests.swift; sourceTree = "<group>"; };
		2ED97CC825B0490700863FCF /* Info.plist */ = {isa = PBXFileReference; lastKnownFileType = text.plist.xml; path = Info.plist; sourceTree = "<group>"; };
		2ED97CCD25B0490700863FCF /* hello-localizationUITests.xctest */ = {isa = PBXFileReference; explicitFileType = wrapper.cfbundle; includeInIndex = 0; path = "hello-localizationUITests.xctest"; sourceTree = BUILT_PRODUCTS_DIR; };
		2ED97CD125B0490700863FCF /* hello_localizationUITests.swift */ = {isa = PBXFileReference; lastKnownFileType = sourcecode.swift; path = hello_localizationUITests.swift; sourceTree = "<group>"; };
		2ED97CD325B0490700863FCF /* Info.plist */ = {isa = PBXFileReference; lastKnownFileType = text.plist.xml; path = Info.plist; sourceTree = "<group>"; };
		2ED97D4F25B16CA800863FCF /* ViewPresenter.swift */ = {isa = PBXFileReference; lastKnownFileType = sourcecode.swift; path = ViewPresenter.swift; sourceTree = "<group>"; };
/* End PBXFileReference section */

/* Begin PBXFrameworksBuildPhase section */
		2ED97CA925B0490200863FCF /* Frameworks */ = {
			isa = PBXFrameworksBuildPhase;
			buildActionMask = 2147483647;
			files = (
			);
			runOnlyForDeploymentPostprocessing = 0;
		};
		2ED97CBF25B0490700863FCF /* Frameworks */ = {
			isa = PBXFrameworksBuildPhase;
			buildActionMask = 2147483647;
			files = (
			);
			runOnlyForDeploymentPostprocessing = 0;
		};
		2ED97CCA25B0490700863FCF /* Frameworks */ = {
			isa = PBXFrameworksBuildPhase;
			buildActionMask = 2147483647;
			files = (
			);
			runOnlyForDeploymentPostprocessing = 0;
		};
/* End PBXFrameworksBuildPhase section */

/* Begin PBXGroup section */
		2ED97CA325B0490100863FCF = {
			isa = PBXGroup;
			children = (
				2ED97CAE25B0490200863FCF /* hello-localization */,
				2ED97CC525B0490700863FCF /* hello-localizationTests */,
				2ED97CD025B0490700863FCF /* hello-localizationUITests */,
				2ED97CAD25B0490200863FCF /* Products */,
			);
			sourceTree = "<group>";
		};
		2ED97CAD25B0490200863FCF /* Products */ = {
			isa = PBXGroup;
			children = (
				2ED97CAC25B0490200863FCF /* hello-localization.app */,
				2ED97CC225B0490700863FCF /* hello-localizationTests.xctest */,
				2ED97CCD25B0490700863FCF /* hello-localizationUITests.xctest */,
			);
			name = Products;
			sourceTree = "<group>";
		};
		2ED97CAE25B0490200863FCF /* hello-localization */ = {
			isa = PBXGroup;
			children = (
				2ED97CAF25B0490200863FCF /* AppDelegate.swift */,
				2ED97CB125B0490200863FCF /* SceneDelegate.swift */,
				2ED97CB325B0490200863FCF /* ViewController.swift */,
				2ED97CB525B0490200863FCF /* Main.storyboard */,
				2ED97CB825B0490600863FCF /* Assets.xcassets */,
				2ED97CBA25B0490600863FCF /* LaunchScreen.storyboard */,
				2ED97CBD25B0490600863FCF /* Info.plist */,
				2ED97D4F25B16CA800863FCF /* ViewPresenter.swift */,
			);
			path = "hello-localization";
			sourceTree = "<group>";
		};
		2ED97CC525B0490700863FCF /* hello-localizationTests */ = {
			isa = PBXGroup;
			children = (
				2ED97CC625B0490700863FCF /* hello_localizationTests.swift */,
				2ED97CC825B0490700863FCF /* Info.plist */,
			);
			path = "hello-localizationTests";
			sourceTree = "<group>";
		};
		2ED97CD025B0490700863FCF /* hello-localizationUITests */ = {
			isa = PBXGroup;
			children = (
				2ED97CD125B0490700863FCF /* hello_localizationUITests.swift */,
				2ED97CD325B0490700863FCF /* Info.plist */,
			);
			path = "hello-localizationUITests";
			sourceTree = "<group>";
		};
/* End PBXGroup section */

/* Begin PBXNativeTarget section */
		2ED97CAB25B0490200863FCF /* hello-localization */ = {
			isa = PBXNativeTarget;
			buildConfigurationList = 2ED97CD625B0490700863FCF /* Build configuration list for PBXNativeTarget "hello-localization" */;
			buildPhases = (
				2ED97CA825B0490200863FCF /* Sources */,
				2ED97CA925B0490200863FCF /* Frameworks */,
				2ED97CAA25B0490200863FCF /* Resources */,
			);
			buildRules = (
			);
			dependencies = (
			);
			name = "hello-localization";
			productName = "hello-localization";
			productReference = 2ED97CAC25B0490200863FCF /* hello-localization.app */;
			productType = "com.apple.product-type.application";
		};
		2ED97CC125B0490700863FCF /* hello-localizationTests */ = {
			isa = PBXNativeTarget;
			buildConfigurationList = 2ED97CD925B0490700863FCF /* Build configuration list for PBXNativeTarget "hello-localizationTests" */;
			buildPhases = (
				2ED97CBE25B0490700863FCF /* Sources */,
				2ED97CBF25B0490700863FCF /* Frameworks */,
				2ED97CC025B0490700863FCF /* Resources */,
			);
			buildRules = (
			);
			dependencies = (
				2ED97CC425B0490700863FCF /* PBXTargetDependency */,
			);
			name = "hello-localizationTests";
			productName = "hello-localizationTests";
			productReference = 2ED97CC225B0490700863FCF /* hello-localizationTests.xctest */;
			productType = "com.apple.product-type.bundle.unit-test";
		};
		2ED97CCC25B0490700863FCF /* hello-localizationUITests */ = {
			isa = PBXNativeTarget;
			buildConfigurationList = 2ED97CDC25B0490700863FCF /* Build configuration list for PBXNativeTarget "hello-localizationUITests" */;
			buildPhases = (
				2ED97CC925B0490700863FCF /* Sources */,
				2ED97CCA25B0490700863FCF /* Frameworks */,
				2ED97CCB25B0490700863FCF /* Resources */,
			);
			buildRules = (
			);
			dependencies = (
				2ED97CCF25B0490700863FCF /* PBXTargetDependency */,
			);
			name = "hello-localizationUITests";
			productName = "hello-localizationUITests";
			productReference = 2ED97CCD25B0490700863FCF /* hello-localizationUITests.xctest */;
			productType = "com.apple.product-type.bundle.ui-testing";
		};
/* End PBXNativeTarget section */

/* Begin PBXProject section */
		2ED97CA425B0490100863FCF /* Project object */ = {
			isa = PBXProject;
			attributes = {
				LastSwiftUpdateCheck = 1230;
				LastUpgradeCheck = 1230;
				TargetAttributes = {
					2ED97CAB25B0490200863FCF = {
						CreatedOnToolsVersion = 12.3;
					};
					2ED97CC125B0490700863FCF = {
						CreatedOnToolsVersion = 12.3;
						TestTargetID = 2ED97CAB25B0490200863FCF;
					};
					2ED97CCC25B0490700863FCF = {
						CreatedOnToolsVersion = 12.3;
						TestTargetID = 2ED97CAB25B0490200863FCF;
					};
				};
			};
			buildConfigurationList = 2ED97CA725B0490100863FCF /* Build configuration list for PBXProject "hello-localization" */;
			compatibilityVersion = "Xcode 9.3";
			developmentRegion = en;
			hasScannedForEncodings = 0;
			knownRegions = (
				en,
				Base,
			);
			mainGroup = 2ED97CA325B0490100863FCF;
			productRefGroup = 2ED97CAD25B0490200863FCF /* Products */;
			projectDirPath = "";
			projectRoot = "";
			targets = (
				2ED97CAB25B0490200863FCF /* hello-localization */,
				2ED97CC125B0490700863FCF /* hello-localizationTests */,
				2ED97CCC25B0490700863FCF /* hello-localizationUITests */,
			);
		};
/* End PBXProject section */

/* Begin PBXResourcesBuildPhase section */
		2ED97CAA25B0490200863FCF /* Resources */ = {
			isa = PBXResourcesBuildPhase;
			buildActionMask = 2147483647;
			files = (
				2ED97CBC25B0490600863FCF /* LaunchScreen.storyboard in Resources */,
				2ED97CB925B0490600863FCF /* Assets.xcassets in Resources */,
				2ED97CB725B0490200863FCF /* Main.storyboard in Resources */,
			);
			runOnlyForDeploymentPostprocessing = 0;
		};
		2ED97CC025B0490700863FCF /* Resources */ = {
			isa = PBXResourcesBuildPhase;
			buildActionMask = 2147483647;
			files = (
			);
			runOnlyForDeploymentPostprocessing = 0;
		};
		2ED97CCB25B0490700863FCF /* Resources */ = {
			isa = PBXResourcesBuildPhase;
			buildActionMask = 2147483647;
			files = (
			);
			runOnlyForDeploymentPostprocessing = 0;
		};
/* End PBXResourcesBuildPhase section */

/* Begin PBXSourcesBuildPhase section */
		2ED97CA825B0490200863FCF /* Sources */ = {
			isa = PBXSourcesBuildPhase;
			buildActionMask = 2147483647;
			files = (
				2ED97CB425B0490200863FCF /* ViewController.swift in Sources */,
				2ED97D5025B16CA800863FCF /* ViewPresenter.swift in Sources */,
				2ED97CB025B0490200863FCF /* AppDelegate.swift in Sources */,
				2ED97CB225B0490200863FCF /* SceneDelegate.swift in Sources */,
			);
			runOnlyForDeploymentPostprocessing = 0;
		};
		2ED97CBE25B0490700863FCF /* Sources */ = {
			isa = PBXSourcesBuildPhase;
			buildActionMask = 2147483647;
			files = (
				2ED97CC725B0490700863FCF /* hello_localizationTests.swift in Sources */,
			);
			runOnlyForDeploymentPostprocessing = 0;
		};
		2ED97CC925B0490700863FCF /* Sources */ = {
			isa = PBXSourcesBuildPhase;
			buildActionMask = 2147483647;
			files = (
				2ED97CD225B0490700863FCF /* hello_localizationUITests.swift in Sources */,
			);
			runOnlyForDeploymentPostprocessing = 0;
		};
/* End PBXSourcesBuildPhase section */

/* Begin PBXTargetDependency section */
		2ED97CC425B0490700863FCF /* PBXTargetDependency */ = {
			isa = PBXTargetDependency;
			target = 2ED97CAB25B0490200863FCF /* hello-localization */;
			targetProxy = 2ED97CC325B0490700863FCF /* PBXContainerItemProxy */;
		};
		2ED97CCF25B0490700863FCF /* PBXTargetDependency */ = {
			isa = PBXTargetDependency;
			target = 2ED97CAB25B0490200863FCF /* hello-localization */;
			targetProxy = 2ED97CCE25B0490700863FCF /* PBXContainerItemProxy */;
		};
/* End PBXTargetDependency section */

/* Begin PBXVariantGroup section */
		2ED97CB525B0490200863FCF /* Main.storyboard */ = {
			isa = PBXVariantGroup;
			children = (
				2ED97CB625B0490200863FCF /* Base */,
			);
			name = Main.storyboard;
			sourceTree = "<group>";
		};
		2ED97CBA25B0490600863FCF /* LaunchScreen.storyboard */ = {
			isa = PBXVariantGroup;
			children = (
				2ED97CBB25B0490600863FCF /* Base */,
			);
			name = LaunchScreen.storyboard;
			sourceTree = "<group>";
		};
/* End PBXVariantGroup section */

/* Begin XCBuildConfiguration section */
		2ED97CD425B0490700863FCF /* Debug */ = {
			isa = XCBuildConfiguration;
			buildSettings = {
				ALWAYS_SEARCH_USER_PATHS = NO;
				CLANG_ANALYZER_NONNULL = YES;
				CLANG_ANALYZER_NUMBER_OBJECT_CONVERSION = YES_AGGRESSIVE;
				CLANG_CXX_LANGUAGE_STANDARD = "gnu++14";
				CLANG_CXX_LIBRARY = "libc++";
				CLANG_ENABLE_MODULES = YES;
				CLANG_ENABLE_OBJC_ARC = YES;
				CLANG_ENABLE_OBJC_WEAK = YES;
				CLANG_WARN_BLOCK_CAPTURE_AUTORELEASING = YES;
				CLANG_WARN_BOOL_CONVERSION = YES;
				CLANG_WARN_COMMA = YES;
				CLANG_WARN_CONSTANT_CONVERSION = YES;
				CLANG_WARN_DEPRECATED_OBJC_IMPLEMENTATIONS = YES;
				CLANG_WARN_DIRECT_OBJC_ISA_USAGE = YES_ERROR;
				CLANG_WARN_DOCUMENTATION_COMMENTS = YES;
				CLANG_WARN_EMPTY_BODY = YES;
				CLANG_WARN_ENUM_CONVERSION = YES;
				CLANG_WARN_INFINITE_RECURSION = YES;
				CLANG_WARN_INT_CONVERSION = YES;
				CLANG_WARN_NON_LITERAL_NULL_CONVERSION = YES;
				CLANG_WARN_OBJC_IMPLICIT_RETAIN_SELF = YES;
				CLANG_WARN_OBJC_LITERAL_CONVERSION = YES;
				CLANG_WARN_OBJC_ROOT_CLASS = YES_ERROR;
				CLANG_WARN_QUOTED_INCLUDE_IN_FRAMEWORK_HEADER = YES;
				CLANG_WARN_RANGE_LOOP_ANALYSIS = YES;
				CLANG_WARN_STRICT_PROTOTYPES = YES;
				CLANG_WARN_SUSPICIOUS_MOVE = YES;
				CLANG_WARN_UNGUARDED_AVAILABILITY = YES_AGGRESSIVE;
				CLANG_WARN_UNREACHABLE_CODE = YES;
				CLANG_WARN__DUPLICATE_METHOD_MATCH = YES;
				COPY_PHASE_STRIP = NO;
				DEBUG_INFORMATION_FORMAT = dwarf;
				ENABLE_STRICT_OBJC_MSGSEND = YES;
				ENABLE_TESTABILITY = YES;
				GCC_C_LANGUAGE_STANDARD = gnu11;
				GCC_DYNAMIC_NO_PIC = NO;
				GCC_NO_COMMON_BLOCKS = YES;
				GCC_OPTIMIZATION_LEVEL = 0;
				GCC_PREPROCESSOR_DEFINITIONS = (
					"DEBUG=1",
					"$(inherited)",
				);
				GCC_WARN_64_TO_32_BIT_CONVERSION = YES;
				GCC_WARN_ABOUT_RETURN_TYPE = YES_ERROR;
				GCC_WARN_UNDECLARED_SELECTOR = YES;
				GCC_WARN_UNINITIALIZED_AUTOS = YES_AGGRESSIVE;
				GCC_WARN_UNUSED_FUNCTION = YES;
				GCC_WARN_UNUSED_VARIABLE = YES;
				IPHONEOS_DEPLOYMENT_TARGET = 14.3;
				MTL_ENABLE_DEBUG_INFO = INCLUDE_SOURCE;
				MTL_FAST_MATH = YES;
				ONLY_ACTIVE_ARCH = YES;
				SDKROOT = iphoneos;
				SWIFT_ACTIVE_COMPILATION_CONDITIONS = DEBUG;
				SWIFT_OPTIMIZATION_LEVEL = "-Onone";
			};
			name = Debug;
		};
		2ED97CD525B0490700863FCF /* Release */ = {
			isa = XCBuildConfiguration;
			buildSettings = {
				ALWAYS_SEARCH_USER_PATHS = NO;
				CLANG_ANALYZER_NONNULL = YES;
				CLANG_ANALYZER_NUMBER_OBJECT_CONVERSION = YES_AGGRESSIVE;
				CLANG_CXX_LANGUAGE_STANDARD = "gnu++14";
				CLANG_CXX_LIBRARY = "libc++";
				CLANG_ENABLE_MODULES = YES;
				CLANG_ENABLE_OBJC_ARC = YES;
				CLANG_ENABLE_OBJC_WEAK = YES;
				CLANG_WARN_BLOCK_CAPTURE_AUTORELEASING = YES;
				CLANG_WARN_BOOL_CONVERSION = YES;
				CLANG_WARN_COMMA = YES;
				CLANG_WARN_CONSTANT_CONVERSION = YES;
				CLANG_WARN_DEPRECATED_OBJC_IMPLEMENTATIONS = YES;
				CLANG_WARN_DIRECT_OBJC_ISA_USAGE = YES_ERROR;
				CLANG_WARN_DOCUMENTATION_COMMENTS = YES;
				CLANG_WARN_EMPTY_BODY = YES;
				CLANG_WARN_ENUM_CONVERSION = YES;
				CLANG_WARN_INFINITE_RECURSION = YES;
				CLANG_WARN_INT_CONVERSION = YES;
				CLANG_WARN_NON_LITERAL_NULL_CONVERSION = YES;
				CLANG_WARN_OBJC_IMPLICIT_RETAIN_SELF = YES;
				CLANG_WARN_OBJC_LITERAL_CONVERSION = YES;
				CLANG_WARN_OBJC_ROOT_CLASS = YES_ERROR;
				CLANG_WARN_QUOTED_INCLUDE_IN_FRAMEWORK_HEADER = YES;
				CLANG_WARN_RANGE_LOOP_ANALYSIS = YES;
				CLANG_WARN_STRICT_PROTOTYPES = YES;
				CLANG_WARN_SUSPICIOUS_MOVE = YES;
				CLANG_WARN_UNGUARDED_AVAILABILITY = YES_AGGRESSIVE;
				CLANG_WARN_UNREACHABLE_CODE = YES;
				CLANG_WARN__DUPLICATE_METHOD_MATCH = YES;
				COPY_PHASE_STRIP = NO;
				DEBUG_INFORMATION_FORMAT = "dwarf-with-dsym";
				ENABLE_NS_ASSERTIONS = NO;
				ENABLE_STRICT_OBJC_MSGSEND = YES;
				GCC_C_LANGUAGE_STANDARD = gnu11;
				GCC_NO_COMMON_BLOCKS = YES;
				GCC_WARN_64_TO_32_BIT_CONVERSION = YES;
				GCC_WARN_ABOUT_RETURN_TYPE = YES_ERROR;
				GCC_WARN_UNDECLARED_SELECTOR = YES;
				GCC_WARN_UNINITIALIZED_AUTOS = YES_AGGRESSIVE;
				GCC_WARN_UNUSED_FUNCTION = YES;
				GCC_WARN_UNUSED_VARIABLE = YES;
				IPHONEOS_DEPLOYMENT_TARGET = 14.3;
				MTL_ENABLE_DEBUG_INFO = NO;
				MTL_FAST_MATH = YES;
				SDKROOT = iphoneos;
				SWIFT_COMPILATION_MODE = wholemodule;
				SWIFT_OPTIMIZATION_LEVEL = "-O";
				VALIDATE_PRODUCT = YES;
			};
			name = Release;
		};
		2ED97CD725B0490700863FCF /* Debug */ = {
			isa = XCBuildConfiguration;
			buildSettings = {
				ASSETCATALOG_COMPILER_APPICON_NAME = AppIcon;
				ASSETCATALOG_COMPILER_GLOBAL_ACCENT_COLOR_NAME = AccentColor;
				CODE_SIGN_STYLE = Automatic;
				INFOPLIST_FILE = "hello-localization/Info.plist";
				LD_RUNPATH_SEARCH_PATHS = (
					"$(inherited)",
					"@executable_path/Frameworks",
				);
				PRODUCT_BUNDLE_IDENTIFIER = "com.gatukgl.hello-localization";
				PRODUCT_NAME = "$(TARGET_NAME)";
				SWIFT_VERSION = 5.0;
				TARGETED_DEVICE_FAMILY = "1,2";
			};
			name = Debug;
		};
		2ED97CD825B0490700863FCF /* Release */ = {
			isa = XCBuildConfiguration;
			buildSettings = {
				ASSETCATALOG_COMPILER_APPICON_NAME = AppIcon;
				ASSETCATALOG_COMPILER_GLOBAL_ACCENT_COLOR_NAME = AccentColor;
				CODE_SIGN_STYLE = Automatic;
				INFOPLIST_FILE = "hello-localization/Info.plist";
				LD_RUNPATH_SEARCH_PATHS = (
					"$(inherited)",
					"@executable_path/Frameworks",
				);
				PRODUCT_BUNDLE_IDENTIFIER = "com.gatukgl.hello-localization";
				PRODUCT_NAME = "$(TARGET_NAME)";
				SWIFT_VERSION = 5.0;
				TARGETED_DEVICE_FAMILY = "1,2";
			};
			name = Release;
		};
		2ED97CDA25B0490700863FCF /* Debug */ = {
			isa = XCBuildConfiguration;
			buildSettings = {
				ALWAYS_EMBED_SWIFT_STANDARD_LIBRARIES = YES;
				BUNDLE_LOADER = "$(TEST_HOST)";
				CODE_SIGN_STYLE = Automatic;
				INFOPLIST_FILE = "hello-localizationTests/Info.plist";
				IPHONEOS_DEPLOYMENT_TARGET = 14.3;
				LD_RUNPATH_SEARCH_PATHS = (
					"$(inherited)",
					"@executable_path/Frameworks",
					"@loader_path/Frameworks",
				);
				PRODUCT_BUNDLE_IDENTIFIER = "com.gatukgl.hello-localizationTests";
				PRODUCT_NAME = "$(TARGET_NAME)";
				SWIFT_VERSION = 5.0;
				TARGETED_DEVICE_FAMILY = "1,2";
				TEST_HOST = "$(BUILT_PRODUCTS_DIR)/hello-localization.app/hello-localization";
			};
			name = Debug;
		};
		2ED97CDB25B0490700863FCF /* Release */ = {
			isa = XCBuildConfiguration;
			buildSettings = {
				ALWAYS_EMBED_SWIFT_STANDARD_LIBRARIES = YES;
				BUNDLE_LOADER = "$(TEST_HOST)";
				CODE_SIGN_STYLE = Automatic;
				INFOPLIST_FILE = "hello-localizationTests/Info.plist";
				IPHONEOS_DEPLOYMENT_TARGET = 14.3;
				LD_RUNPATH_SEARCH_PATHS = (
					"$(inherited)",
					"@executable_path/Frameworks",
					"@loader_path/Frameworks",
				);
				PRODUCT_BUNDLE_IDENTIFIER = "com.gatukgl.hello-localizationTests";
				PRODUCT_NAME = "$(TARGET_NAME)";
				SWIFT_VERSION = 5.0;
				TARGETED_DEVICE_FAMILY = "1,2";
				TEST_HOST = "$(BUILT_PRODUCTS_DIR)/hello-localization.app/hello-localization";
			};
			name = Release;
		};
		2ED97CDD25B0490700863FCF /* Debug */ = {
			isa = XCBuildConfiguration;
			buildSettings = {
				ALWAYS_EMBED_SWIFT_STANDARD_LIBRARIES = YES;
				CODE_SIGN_STYLE = Automatic;
				INFOPLIST_FILE = "hello-localizationUITests/Info.plist";
				LD_RUNPATH_SEARCH_PATHS = (
					"$(inherited)",
					"@executable_path/Frameworks",
					"@loader_path/Frameworks",
				);
				PRODUCT_BUNDLE_IDENTIFIER = "com.gatukgl.hello-localizationUITests";
				PRODUCT_NAME = "$(TARGET_NAME)";
				SWIFT_VERSION = 5.0;
				TARGETED_DEVICE_FAMILY = "1,2";
				TEST_TARGET_NAME = "hello-localization";
			};
			name = Debug;
		};
		2ED97CDE25B0490700863FCF /* Release */ = {
			isa = XCBuildConfiguration;
			buildSettings = {
				ALWAYS_EMBED_SWIFT_STANDARD_LIBRARIES = YES;
				CODE_SIGN_STYLE = Automatic;
				INFOPLIST_FILE = "hello-localizationUITests/Info.plist";
				LD_RUNPATH_SEARCH_PATHS = (
					"$(inherited)",
					"@executable_path/Frameworks",
					"@loader_path/Frameworks",
				);
				PRODUCT_BUNDLE_IDENTIFIER = "com.gatukgl.hello-localizationUITests";
				PRODUCT_NAME = "$(TARGET_NAME)";
				SWIFT_VERSION = 5.0;
				TARGETED_DEVICE_FAMILY = "1,2";
				TEST_TARGET_NAME = "hello-localization";
			};
			name = Release;
		};
/* End XCBuildConfiguration section */

/* Begin XCConfigurationList section */
		2ED97CA725B0490100863FCF /* Build configuration list for PBXProject "hello-localization" */ = {
			isa = XCConfigurationList;
			buildConfigurations = (
				2ED97CD425B0490700863FCF /* Debug */,
				2ED97CD525B0490700863FCF /* Release */,
			);
			defaultConfigurationIsVisible = 0;
			defaultConfigurationName = Release;
		};
		2ED97CD625B0490700863FCF /* Build configuration list for PBXNativeTarget "hello-localization" */ = {
			isa = XCConfigurationList;
			buildConfigurations = (
				2ED97CD725B0490700863FCF /* Debug */,
				2ED97CD825B0490700863FCF /* Release */,
			);
			defaultConfigurationIsVisible = 0;
			defaultConfigurationName = Release;
		};
		2ED97CD925B0490700863FCF /* Build configuration list for PBXNativeTarget "hello-localizationTests" */ = {
			isa = XCConfigurationList;
			buildConfigurations = (
				2ED97CDA25B0490700863FCF /* Debug */,
				2ED97CDB25B0490700863FCF /* Release */,
			);
			defaultConfigurationIsVisible = 0;
			defaultConfigurationName = Release;
		};
		2ED97CDC25B0490700863FCF /* Build configuration list for PBXNativeTarget "hello-localizationUITests" */ = {
			isa = XCConfigurationList;
			buildConfigurations = (
				2ED97CDD25B0490700863FCF /* Debug */,
				2ED97CDE25B0490700863FCF /* Release */,
			);
			defaultConfigurationIsVisible = 0;
			defaultConfigurationName = Release;
		};
/* End XCConfigurationList section */
	};
	rootObject = 2ED97CA425B0490100863FCF /* Project object */;
}
